Microsoft Visual Studio Solution File, Format Version 12.00
# Visual Studio 15
VisualStudioVersion = 15.0.28307.1145
MinimumVisualStudioVersion = 10.0.40219.1
Project("{2150E333-8FDC-42A3-9474-1A3956D46DE8}") = "Visual Studio Integration", "Visual Studio Integration", "{FE6ADAAB-998A-4245-9AF4-B9F255B6456E}"
EndProject
Project("{2150E333-8FDC-42A3-9474-1A3956D46DE8}") = "SymbolStores", "SymbolStores", "{2CC655B7-DE39-4241-AF3A-B2FBB62A4974}"
EndProject
Project("{9A19103F-16F7-4668-BE54-9A1E7A4F7556}") = "SymbolStores", "SymbolStores\SymbolStores.csproj", "{AC9DA952-3ED1-4CC6-9200-3847204B92FD}"
EndProject
Project("{9A19103F-16F7-4668-BE54-9A1E7A4F7556}") = "ChromeClientLauncher", "ChromeClientLauncher\ChromeClientLauncher.csproj", "{5B4E613A-028D-4E08-8716-8A6BCD4906A9}"
EndProject
Project("{9A19103F-16F7-4668-BE54-9A1E7A4F7556}") = "DebuggerCommonApi", "DebuggerCommonApi\DebuggerCommonApi.csproj", "{6E6A1F1D-FF94-40C6-8DB5-6466EEFFBA85}"
EndProject
Project("{9A19103F-16F7-4668-BE54-9A1E7A4F7556}") = "DebuggerGrpc", "DebuggerGrpc\DebuggerGrpc.csproj", "{15E392E6-4715-4066-AA47-099A1DD0DBCF}"
EndProject
Project("{9A19103F-16F7-4668-BE54-9A1E7A4F7556}") = "DebuggerGrpcClient", "DebuggerGrpcClient\DebuggerGrpcClient.csproj", "{90F6A34D-3D0C-4451-A40F-82101538FA73}"
EndProject
Project("{9A19103F-16F7-4668-BE54-9A1E7A4F7556}") = "DebuggerGrpcClient.Tests", "DebuggerGrpcClient.Tests\DebuggerGrpcClient.Tests.csproj", "{B6ED103F-A2BF-426C-B324-916E91B2A534}"
EndProject
Project("{9A19103F-16F7-4668-BE54-9A1E7A4F7556}") = "DebuggerGrpcClientServer.Tests", "DebuggerGrpcClientServer.Tests\DebuggerGrpcClientServer.Tests.csproj", "{25F90C90-14BF-4FD3-A799-79CA31E8872C}"
EndProject
Project("{9A19103F-16F7-4668-BE54-9A1E7A4F7556}") = "DebuggerGrpcServer", "DebuggerGrpcServer\DebuggerGrpcServer.csproj", "{115F721A-D99E-457B-932C-869A646B083D}"
EndProject
Project("{9A19103F-16F7-4668-BE54-9A1E7A4F7556}") = "DebuggerGrpcServer.Tests", "DebuggerGrpcServer.Tests\DebuggerGrpcServer.Tests.csproj", "{00F2E1DC-D497-4B47-8638-09F71CAA8077}"
EndProject
Project("{9A19103F-16F7-4668-BE54-9A1E7A4F7556}") = "GGPDumpExtension", "GGPDumpExtension\GGPDumpExtension.csproj", "{5A2DB8DA-5FE1-4EA0-97EE-9C9A77F800DB}"
EndProject
Project("{9A19103F-16F7-4668-BE54-9A1E7A4F7556}") = "LldbApi", "LldbApi\LldbApi.csproj", "{26AAF846-325F-4AF8-8F06-DA5FB523D9D8}"
EndProject
Project("{9A19103F-16F7-4668-BE54-9A1E7A4F7556}") = "TestsCommon", "TestsCommon\TestsCommon.csproj", "{D216EA10-527A-491A-A694-74F2A58AC940}"
EndProject
Project("{9A19103F-16F7-4668-BE54-9A1E7A4F7556}") = "TestsCommon.Tests", "TestsCommon.Tests\TestsCommon.Tests.csproj", "{64FA5BE5-A8D3-4F3E-A6D7-D2D220BA4BF0}"
EndProject
Project("{9A19103F-16F7-4668-BE54-9A1E7A4F7556}") = "VSFake", "VSFake\VSFake.csproj", "{06FF5FB1-1E94-48BE-B49F-39016B480BD2}"
EndProject
Project("{9A19103F-16F7-4668-BE54-9A1E7A4F7556}") = "VSFake.Tests", "VSFake.Tests\VSFake.Tests.csproj", "{CD0F139C-3D25-4232-8167-ADD9E28BFA41}"
EndProject
Project("{9A19103F-16F7-4668-BE54-9A1E7A4F7556}") = "YetiCommon", "YetiCommon\YetiCommon.csproj", "{A2C9F9D7-A499-4E17-BDAB-4EF18F1D9A18}"
EndProject
Project("{9A19103F-16F7-4668-BE54-9A1E7A4F7556}") = "YetiCommon.Tests", "YetiCommon.Tests\YetiCommon.Tests.csproj", "{D985DED6-1AFD-4A62-B383-D2AF3DAA04D7}"
EndProject
Project("{8BC9CEB8-8B4A-11D0-8D11-00A0C91BC942}") = "YetiVSI.DebugEngine.LLDBWorker", "YetiVSI.DebugEngine.LLDBWorker\YetiVSI.DebugEngine.LLDBWorker.vcxproj", "{138AD833-91AA-41B4-9350-E2FF5262AEFA}"
EndProject
Project("{9A19103F-16F7-4668-BE54-9A1E7A4F7556}") = "YetiVSI.Tests", "YetiVSI.Tests\YetiVSI.Tests.csproj", "{C63619F0-95D1-4720-9BCA-23DDDDB5DADA}"
EndProject
Project("{9A19103F-16F7-4668-BE54-9A1E7A4F7556}") = "YetiVSITestsCommon", "YetiVSITestsCommon\YetiVSITestsCommon.csproj", "{9BAC7359-4A9F-41D4-918C-2A75066CC0D4}"
EndProject
Project("{FAE04EC0-301F-11D3-BF4B-00C04F79EFBC}") = "YetiVSI", "YetiVSI\YetiVSI.csproj", "{799D0160-8C0D-43F5-AB4C-249BE64AAA4E}"
EndProject
Project("{9A19103F-16F7-4668-BE54-9A1E7A4F7556}") = "YetiVSI.External", "YetiVSI.External\YetiVSI.External.csproj", "{8B6B1019-F3C1-41DD-B8EE-E397A92A9A7D}"
EndProject
Project("{9A19103F-16F7-4668-BE54-9A1E7A4F7556}") = "YetiVSI.Shared", "YetiVSI.Shared\YetiVSI.Shared.csproj", "{5705C75B-5C0E-42E4-8414-FB9CF483DFF7}"
EndProject
Project("{8BC9CEB8-8B4A-11D0-8D11-00A0C91BC942}") = "YetiVSI.DebugEngine.LLDBEval", "YetiVSI.DebugEngine.LLDBEval\YetiVSI.DebugEngine.LLDBEval.vcxproj", "{03DCCE13-6B53-4E82-A984-295CFE71EAB4}"
EndProject
Project("{2150E333-8FDC-42A3-9474-1A3956D46DE8}") = "Common", "Common", "{FBB34CFD-CFD7-4758-B6AF-B06A0361D8AA}"
	ProjectSection(SolutionItems) = preProject
		BuildRoot.props = BuildRoot.props
		Common.props = Common.props
		Directory.Build.props = Directory.Build.props
		GGP.ico = GGP.ico
		GGP.png = GGP.png
		InternalBuildSwitch.props = InternalBuildSwitch.props
		Key.snk = Key.snk
		nuget.config = nuget.config
		README.md = README.md
	EndProjectSection
EndProject
Project("{9A19103F-16F7-4668-BE54-9A1E7A4F7556}") = "SymbolStores.Tests", "SymbolStores.Tests\SymbolStores.Tests.csproj", "{AB183C33-BC8F-4CB3-B957-DEC5CF7D9BCE}"
EndProject
Global
	GlobalSection(SolutionConfigurationPlatforms) = preSolution
		Debug2017|Any CPU = Debug2017|Any CPU
		Debug2019|Any CPU = Debug2019|Any CPU
		Release2017|Any CPU = Release2017|Any CPU
		Release2019|Any CPU = Release2019|Any CPU
	EndGlobalSection
	GlobalSection(ProjectConfigurationPlatforms) = postSolution
		{AC9DA952-3ED1-4CC6-9200-3847204B92FD}.Debug2017|Any CPU.ActiveCfg = Debug2017|Any CPU
		{AC9DA952-3ED1-4CC6-9200-3847204B92FD}.Debug2017|Any CPU.Build.0 = Debug2017|Any CPU
		{AC9DA952-3ED1-4CC6-9200-3847204B92FD}.Debug2019|Any CPU.ActiveCfg = Debug2019|Any CPU
		{AC9DA952-3ED1-4CC6-9200-3847204B92FD}.Debug2019|Any CPU.Build.0 = Debug2019|Any CPU
		{AC9DA952-3ED1-4CC6-9200-3847204B92FD}.Release2017|Any CPU.ActiveCfg = Release2017|Any CPU
		{AC9DA952-3ED1-4CC6-9200-3847204B92FD}.Release2017|Any CPU.Build.0 = Release2017|Any CPU
		{AC9DA952-3ED1-4CC6-9200-3847204B92FD}.Release2019|Any CPU.ActiveCfg = Release2019|Any CPU
		{AC9DA952-3ED1-4CC6-9200-3847204B92FD}.Release2019|Any CPU.Build.0 = Release2019|Any CPU
		{5B4E613A-028D-4E08-8716-8A6BCD4906A9}.Debug2017|Any CPU.ActiveCfg = Debug|Any CPU
		{5B4E613A-028D-4E08-8716-8A6BCD4906A9}.Debug2017|Any CPU.Build.0 = Debug|Any CPU
		{5B4E613A-028D-4E08-8716-8A6BCD4906A9}.Debug2019|Any CPU.ActiveCfg = Debug|Any CPU
		{5B4E613A-028D-4E08-8716-8A6BCD4906A9}.Debug2019|Any CPU.Build.0 = Debug|Any CPU
		{5B4E613A-028D-4E08-8716-8A6BCD4906A9}.Release2017|Any CPU.ActiveCfg = Release|Any CPU
		{5B4E613A-028D-4E08-8716-8A6BCD4906A9}.Release2017|Any CPU.Build.0 = Release|Any CPU
		{5B4E613A-028D-4E08-8716-8A6BCD4906A9}.Release2019|Any CPU.ActiveCfg = Release|Any CPU
		{5B4E613A-028D-4E08-8716-8A6BCD4906A9}.Release2019|Any CPU.Build.0 = Release|Any CPU
		{6E6A1F1D-FF94-40C6-8DB5-6466EEFFBA85}.Debug2017|Any CPU.ActiveCfg = Debug|Any CPU
		{6E6A1F1D-FF94-40C6-8DB5-6466EEFFBA85}.Debug2017|Any CPU.Build.0 = Debug|Any CPU
		{6E6A1F1D-FF94-40C6-8DB5-6466EEFFBA85}.Debug2019|Any CPU.ActiveCfg = Debug|Any CPU
		{6E6A1F1D-FF94-40C6-8DB5-6466EEFFBA85}.Debug2019|Any CPU.Build.0 = Debug|Any CPU
		{6E6A1F1D-FF94-40C6-8DB5-6466EEFFBA85}.Release2017|Any CPU.ActiveCfg = Release|Any CPU
		{6E6A1F1D-FF94-40C6-8DB5-6466EEFFBA85}.Release2017|Any CPU.Build.0 = Release|Any CPU
		{6E6A1F1D-FF94-40C6-8DB5-6466EEFFBA85}.Release2019|Any CPU.ActiveCfg = Release|Any CPU
		{6E6A1F1D-FF94-40C6-8DB5-6466EEFFBA85}.Release2019|Any CPU.Build.0 = Release|Any CPU
		{15E392E6-4715-4066-AA47-099A1DD0DBCF}.Debug2017|Any CPU.ActiveCfg = Debug|Any CPU
		{15E392E6-4715-4066-AA47-099A1DD0DBCF}.Debug2017|Any CPU.Build.0 = Debug|Any CPU
		{15E392E6-4715-4066-AA47-099A1DD0DBCF}.Debug2019|Any CPU.ActiveCfg = Debug|Any CPU
		{15E392E6-4715-4066-AA47-099A1DD0DBCF}.Debug2019|Any CPU.Build.0 = Debug|Any CPU
		{15E392E6-4715-4066-AA47-099A1DD0DBCF}.Release2017|Any CPU.ActiveCfg = Release|Any CPU
		{15E392E6-4715-4066-AA47-099A1DD0DBCF}.Release2017|Any CPU.Build.0 = Release|Any CPU
		{15E392E6-4715-4066-AA47-099A1DD0DBCF}.Release2019|Any CPU.ActiveCfg = Release|Any CPU
		{15E392E6-4715-4066-AA47-099A1DD0DBCF}.Release2019|Any CPU.Build.0 = Release|Any CPU
		{90F6A34D-3D0C-4451-A40F-82101538FA73}.Debug2017|Any CPU.ActiveCfg = Debug2017|Any CPU
		{90F6A34D-3D0C-4451-A40F-82101538FA73}.Debug2017|Any CPU.Build.0 = Debug2017|Any CPU
		{90F6A34D-3D0C-4451-A40F-82101538FA73}.Debug2019|Any CPU.ActiveCfg = Debug2019|Any CPU
		{90F6A34D-3D0C-4451-A40F-82101538FA73}.Debug2019|Any CPU.Build.0 = Debug2019|Any CPU
		{90F6A34D-3D0C-4451-A40F-82101538FA73}.Release2017|Any CPU.ActiveCfg = Release2017|Any CPU
		{90F6A34D-3D0C-4451-A40F-82101538FA73}.Release2017|Any CPU.Build.0 = Release2017|Any CPU
		{90F6A34D-3D0C-4451-A40F-82101538FA73}.Release2019|Any CPU.ActiveCfg = Release2019|Any CPU
		{90F6A34D-3D0C-4451-A40F-82101538FA73}.Release2019|Any CPU.Build.0 = Release2019|Any CPU
		{B6ED103F-A2BF-426C-B324-916E91B2A534}.Debug2017|Any CPU.ActiveCfg = Debug2017|Any CPU
		{B6ED103F-A2BF-426C-B324-916E91B2A534}.Debug2017|Any CPU.Build.0 = Debug2017|Any CPU
		{B6ED103F-A2BF-426C-B324-916E91B2A534}.Debug2019|Any CPU.ActiveCfg = Debug2019|Any CPU
		{B6ED103F-A2BF-426C-B324-916E91B2A534}.Debug2019|Any CPU.Build.0 = Debug2019|Any CPU
		{B6ED103F-A2BF-426C-B324-916E91B2A534}.Release2017|Any CPU.ActiveCfg = Release2017|Any CPU
		{B6ED103F-A2BF-426C-B324-916E91B2A534}.Release2017|Any CPU.Build.0 = Release2017|Any CPU
		{B6ED103F-A2BF-426C-B324-916E91B2A534}.Release2019|Any CPU.ActiveCfg = Release2019|Any CPU
		{B6ED103F-A2BF-426C-B324-916E91B2A534}.Release2019|Any CPU.Build.0 = Release2019|Any CPU
		{25F90C90-14BF-4FD3-A799-79CA31E8872C}.Debug2017|Any CPU.ActiveCfg = Debug2017|x64
		{25F90C90-14BF-4FD3-A799-79CA31E8872C}.Debug2017|Any CPU.Build.0 = Debug2017|x64
		{25F90C90-14BF-4FD3-A799-79CA31E8872C}.Debug2019|Any CPU.ActiveCfg = Debug2019|x64
		{25F90C90-14BF-4FD3-A799-79CA31E8872C}.Debug2019|Any CPU.Build.0 = Debug2019|x64
		{25F90C90-14BF-4FD3-A799-79CA31E8872C}.Release2017|Any CPU.ActiveCfg = Release2017|x64
		{25F90C90-14BF-4FD3-A799-79CA31E8872C}.Release2017|Any CPU.Build.0 = Release2017|x64
		{25F90C90-14BF-4FD3-A799-79CA31E8872C}.Release2019|Any CPU.ActiveCfg = Release2019|x64
		{25F90C90-14BF-4FD3-A799-79CA31E8872C}.Release2019|Any CPU.Build.0 = Release2019|x64
		{115F721A-D99E-457B-932C-869A646B083D}.Debug2017|Any CPU.ActiveCfg = Debug|x64
		{115F721A-D99E-457B-932C-869A646B083D}.Debug2017|Any CPU.Build.0 = Debug|x64
		{115F721A-D99E-457B-932C-869A646B083D}.Debug2019|Any CPU.ActiveCfg = Debug|x64
		{115F721A-D99E-457B-932C-869A646B083D}.Debug2019|Any CPU.Build.0 = Debug|x64
		{115F721A-D99E-457B-932C-869A646B083D}.Release2017|Any CPU.ActiveCfg = Release|x64
		{115F721A-D99E-457B-932C-869A646B083D}.Release2017|Any CPU.Build.0 = Release|x64
		{115F721A-D99E-457B-932C-869A646B083D}.Release2019|Any CPU.ActiveCfg = Release|x64
		{115F721A-D99E-457B-932C-869A646B083D}.Release2019|Any CPU.Build.0 = Release|x64
		{00F2E1DC-D497-4B47-8638-09F71CAA8077}.Debug2017|Any CPU.ActiveCfg = Debug|x64
		{00F2E1DC-D497-4B47-8638-09F71CAA8077}.Debug2017|Any CPU.Build.0 = Debug|x64
		{00F2E1DC-D497-4B47-8638-09F71CAA8077}.Debug2019|Any CPU.ActiveCfg = Debug|x64
		{00F2E1DC-D497-4B47-8638-09F71CAA8077}.Debug2019|Any CPU.Build.0 = Debug|x64
		{00F2E1DC-D497-4B47-8638-09F71CAA8077}.Release2017|Any CPU.ActiveCfg = Release|x64
		{00F2E1DC-D497-4B47-8638-09F71CAA8077}.Release2017|Any CPU.Build.0 = Release|x64
		{00F2E1DC-D497-4B47-8638-09F71CAA8077}.Release2019|Any CPU.ActiveCfg = Release|x64
		{00F2E1DC-D497-4B47-8638-09F71CAA8077}.Release2019|Any CPU.Build.0 = Release|x64
		{5A2DB8DA-5FE1-4EA0-97EE-9C9A77F800DB}.Debug2017|Any CPU.ActiveCfg = Debug|Any CPU
		{5A2DB8DA-5FE1-4EA0-97EE-9C9A77F800DB}.Debug2017|Any CPU.Build.0 = Debug|Any CPU
		{5A2DB8DA-5FE1-4EA0-97EE-9C9A77F800DB}.Debug2019|Any CPU.ActiveCfg = Debug|Any CPU
		{5A2DB8DA-5FE1-4EA0-97EE-9C9A77F800DB}.Debug2019|Any CPU.Build.0 = Debug|Any CPU
		{5A2DB8DA-5FE1-4EA0-97EE-9C9A77F800DB}.Release2017|Any CPU.ActiveCfg = Release|Any CPU
		{5A2DB8DA-5FE1-4EA0-97EE-9C9A77F800DB}.Release2017|Any CPU.Build.0 = Release|Any CPU
		{5A2DB8DA-5FE1-4EA0-97EE-9C9A77F800DB}.Release2019|Any CPU.ActiveCfg = Release|Any CPU
		{5A2DB8DA-5FE1-4EA0-97EE-9C9A77F800DB}.Release2019|Any CPU.Build.0 = Release|Any CPU
		{26AAF846-325F-4AF8-8F06-DA5FB523D9D8}.Debug2017|Any CPU.ActiveCfg = Debug|Any CPU
		{26AAF846-325F-4AF8-8F06-DA5FB523D9D8}.Debug2017|Any CPU.Build.0 = Debug|Any CPU
		{26AAF846-325F-4AF8-8F06-DA5FB523D9D8}.Debug2019|Any CPU.ActiveCfg = Debug|Any CPU
		{26AAF846-325F-4AF8-8F06-DA5FB523D9D8}.Debug2019|Any CPU.Build.0 = Debug|Any CPU
		{26AAF846-325F-4AF8-8F06-DA5FB523D9D8}.Release2017|Any CPU.ActiveCfg = Release|Any CPU
		{26AAF846-325F-4AF8-8F06-DA5FB523D9D8}.Release2017|Any CPU.Build.0 = Release|Any CPU
		{26AAF846-325F-4AF8-8F06-DA5FB523D9D8}.Release2019|Any CPU.ActiveCfg = Release|Any CPU
		{26AAF846-325F-4AF8-8F06-DA5FB523D9D8}.Release2019|Any CPU.Build.0 = Release|Any CPU
		{D216EA10-527A-491A-A694-74F2A58AC940}.Debug2017|Any CPU.ActiveCfg = Debug|Any CPU
		{D216EA10-527A-491A-A694-74F2A58AC940}.Debug2017|Any CPU.Build.0 = Debug|Any CPU
		{D216EA10-527A-491A-A694-74F2A58AC940}.Debug2019|Any CPU.ActiveCfg = Debug|Any CPU
		{D216EA10-527A-491A-A694-74F2A58AC940}.Debug2019|Any CPU.Build.0 = Debug|Any CPU
		{D216EA10-527A-491A-A694-74F2A58AC940}.Release2017|Any CPU.ActiveCfg = Release|Any CPU
		{D216EA10-527A-491A-A694-74F2A58AC940}.Release2017|Any CPU.Build.0 = Release|Any CPU
		{D216EA10-527A-491A-A694-74F2A58AC940}.Release2019|Any CPU.ActiveCfg = Release|Any CPU
		{D216EA10-527A-491A-A694-74F2A58AC940}.Release2019|Any CPU.Build.0 = Release|Any CPU
		{64FA5BE5-A8D3-4F3E-A6D7-D2D220BA4BF0}.Debug2017|Any CPU.ActiveCfg = Debug|Any CPU
		{64FA5BE5-A8D3-4F3E-A6D7-D2D220BA4BF0}.Debug2017|Any CPU.Build.0 = Debug|Any CPU
		{64FA5BE5-A8D3-4F3E-A6D7-D2D220BA4BF0}.Debug2019|Any CPU.ActiveCfg = Debug|Any CPU
		{64FA5BE5-A8D3-4F3E-A6D7-D2D220BA4BF0}.Debug2019|Any CPU.Build.0 = Debug|Any CPU
		{64FA5BE5-A8D3-4F3E-A6D7-D2D220BA4BF0}.Release2017|Any CPU.ActiveCfg = Release|Any CPU
		{64FA5BE5-A8D3-4F3E-A6D7-D2D220BA4BF0}.Release2017|Any CPU.Build.0 = Release|Any CPU
		{64FA5BE5-A8D3-4F3E-A6D7-D2D220BA4BF0}.Release2019|Any CPU.ActiveCfg = Release|Any CPU
		{64FA5BE5-A8D3-4F3E-A6D7-D2D220BA4BF0}.Release2019|Any CPU.Build.0 = Release|Any CPU
		{06FF5FB1-1E94-48BE-B49F-39016B480BD2}.Debug2017|Any CPU.ActiveCfg = Debug2017|Any CPU
		{06FF5FB1-1E94-48BE-B49F-39016B480BD2}.Debug2017|Any CPU.Build.0 = Debug2017|Any CPU
		{06FF5FB1-1E94-48BE-B49F-39016B480BD2}.Debug2019|Any CPU.ActiveCfg = Debug2019|Any CPU
		{06FF5FB1-1E94-48BE-B49F-39016B480BD2}.Debug2019|Any CPU.Build.0 = Debug2019|Any CPU
		{06FF5FB1-1E94-48BE-B49F-39016B480BD2}.Release2017|Any CPU.ActiveCfg = Release2017|Any CPU
		{06FF5FB1-1E94-48BE-B49F-39016B480BD2}.Release2017|Any CPU.Build.0 = Release2017|Any CPU
		{06FF5FB1-1E94-48BE-B49F-39016B480BD2}.Release2019|Any CPU.ActiveCfg = Release2019|Any CPU
		{06FF5FB1-1E94-48BE-B49F-39016B480BD2}.Release2019|Any CPU.Build.0 = Release2019|Any CPU
		{CD0F139C-3D25-4232-8167-ADD9E28BFA41}.Debug2017|Any CPU.ActiveCfg = Debug2017|Any CPU
		{CD0F139C-3D25-4232-8167-ADD9E28BFA41}.Debug2017|Any CPU.Build.0 = Debug2017|Any CPU
		{CD0F139C-3D25-4232-8167-ADD9E28BFA41}.Debug2019|Any CPU.ActiveCfg = Debug2019|Any CPU
		{CD0F139C-3D25-4232-8167-ADD9E28BFA41}.Debug2019|Any CPU.Build.0 = Debug2019|Any CPU
		{CD0F139C-3D25-4232-8167-ADD9E28BFA41}.Release2017|Any CPU.ActiveCfg = Release2017|Any CPU
		{CD0F139C-3D25-4232-8167-ADD9E28BFA41}.Release2017|Any CPU.Build.0 = Release2017|Any CPU
		{CD0F139C-3D25-4232-8167-ADD9E28BFA41}.Release2019|Any CPU.ActiveCfg = Release2019|Any CPU
		{CD0F139C-3D25-4232-8167-ADD9E28BFA41}.Release2019|Any CPU.Build.0 = Release2019|Any CPU
		{A2C9F9D7-A499-4E17-BDAB-4EF18F1D9A18}.Debug2017|Any CPU.ActiveCfg = Debug2017|Any CPU
		{A2C9F9D7-A499-4E17-BDAB-4EF18F1D9A18}.Debug2017|Any CPU.Build.0 = Debug2017|Any CPU
		{A2C9F9D7-A499-4E17-BDAB-4EF18F1D9A18}.Debug2019|Any CPU.ActiveCfg = Debug2019|Any CPU
		{A2C9F9D7-A499-4E17-BDAB-4EF18F1D9A18}.Debug2019|Any CPU.Build.0 = Debug2019|Any CPU
		{A2C9F9D7-A499-4E17-BDAB-4EF18F1D9A18}.Release2017|Any CPU.ActiveCfg = Release2017|Any CPU
		{A2C9F9D7-A499-4E17-BDAB-4EF18F1D9A18}.Release2017|Any CPU.Build.0 = Release2017|Any CPU
		{A2C9F9D7-A499-4E17-BDAB-4EF18F1D9A18}.Release2019|Any CPU.ActiveCfg = Release2019|Any CPU
		{A2C9F9D7-A499-4E17-BDAB-4EF18F1D9A18}.Release2019|Any CPU.Build.0 = Release2019|Any CPU
		{D985DED6-1AFD-4A62-B383-D2AF3DAA04D7}.Debug2017|Any CPU.ActiveCfg = Debug2017|Any CPU
		{D985DED6-1AFD-4A62-B383-D2AF3DAA04D7}.Debug2017|Any CPU.Build.0 = Debug2017|Any CPU
		{D985DED6-1AFD-4A62-B383-D2AF3DAA04D7}.Debug2019|Any CPU.ActiveCfg = Debug2019|Any CPU
		{D985DED6-1AFD-4A62-B383-D2AF3DAA04D7}.Debug2019|Any CPU.Build.0 = Debug2019|Any CPU
		{D985DED6-1AFD-4A62-B383-D2AF3DAA04D7}.Release2017|Any CPU.ActiveCfg = Release2017|Any CPU
		{D985DED6-1AFD-4A62-B383-D2AF3DAA04D7}.Release2017|Any CPU.Build.0 = Release2017|Any CPU
		{D985DED6-1AFD-4A62-B383-D2AF3DAA04D7}.Release2019|Any CPU.ActiveCfg = Release2019|Any CPU
		{D985DED6-1AFD-4A62-B383-D2AF3DAA04D7}.Release2019|Any CPU.Build.0 = Release2019|Any CPU
		{138AD833-91AA-41B4-9350-E2FF5262AEFA}.Debug2017|Any CPU.ActiveCfg = Debug|x64
		{138AD833-91AA-41B4-9350-E2FF5262AEFA}.Debug2017|Any CPU.Build.0 = Debug|x64
		{138AD833-91AA-41B4-9350-E2FF5262AEFA}.Debug2019|Any CPU.ActiveCfg = Debug|x64
		{138AD833-91AA-41B4-9350-E2FF5262AEFA}.Debug2019|Any CPU.Build.0 = Debug|x64
		{138AD833-91AA-41B4-9350-E2FF5262AEFA}.Release2017|Any CPU.ActiveCfg = Release|x64
		{138AD833-91AA-41B4-9350-E2FF5262AEFA}.Release2017|Any CPU.Build.0 = Release|x64
		{138AD833-91AA-41B4-9350-E2FF5262AEFA}.Release2019|Any CPU.ActiveCfg = Release|x64
		{138AD833-91AA-41B4-9350-E2FF5262AEFA}.Release2019|Any CPU.Build.0 = Release|x64
		{C63619F0-95D1-4720-9BCA-23DDDDB5DADA}.Debug2017|Any CPU.ActiveCfg = Debug2017|Any CPU
		{C63619F0-95D1-4720-9BCA-23DDDDB5DADA}.Debug2017|Any CPU.Build.0 = Debug2017|Any CPU
		{C63619F0-95D1-4720-9BCA-23DDDDB5DADA}.Debug2019|Any CPU.ActiveCfg = Debug2019|Any CPU
		{C63619F0-95D1-4720-9BCA-23DDDDB5DADA}.Debug2019|Any CPU.Build.0 = Debug2019|Any CPU
		{C63619F0-95D1-4720-9BCA-23DDDDB5DADA}.Release2017|Any CPU.ActiveCfg = Release2017|Any CPU
		{C63619F0-95D1-4720-9BCA-23DDDDB5DADA}.Release2017|Any CPU.Build.0 = Release2017|Any CPU
		{C63619F0-95D1-4720-9BCA-23DDDDB5DADA}.Release2019|Any CPU.ActiveCfg = Release2019|Any CPU
		{C63619F0-95D1-4720-9BCA-23DDDDB5DADA}.Release2019|Any CPU.Build.0 = Release2019|Any CPU
		{9BAC7359-4A9F-41D4-918C-2A75066CC0D4}.Debug2017|Any CPU.ActiveCfg = Debug2017|Any CPU
		{9BAC7359-4A9F-41D4-918C-2A75066CC0D4}.Debug2017|Any CPU.Build.0 = Debug2017|Any CPU
		{9BAC7359-4A9F-41D4-918C-2A75066CC0D4}.Debug2019|Any CPU.ActiveCfg = Debug2019|Any CPU
		{9BAC7359-4A9F-41D4-918C-2A75066CC0D4}.Debug2019|Any CPU.Build.0 = Debug2019|Any CPU
		{9BAC7359-4A9F-41D4-918C-2A75066CC0D4}.Release2017|Any CPU.ActiveCfg = Release2017|Any CPU
		{9BAC7359-4A9F-41D4-918C-2A75066CC0D4}.Release2017|Any CPU.Build.0 = Release2017|Any CPU
		{9BAC7359-4A9F-41D4-918C-2A75066CC0D4}.Release2019|Any CPU.ActiveCfg = Release2019|Any CPU
		{9BAC7359-4A9F-41D4-918C-2A75066CC0D4}.Release2019|Any CPU.Build.0 = Release2019|Any CPU
		{799D0160-8C0D-43F5-AB4C-249BE64AAA4E}.Debug2017|Any CPU.ActiveCfg = Debug2017|Any CPU
		{799D0160-8C0D-43F5-AB4C-249BE64AAA4E}.Debug2017|Any CPU.Build.0 = Debug2017|Any CPU
		{799D0160-8C0D-43F5-AB4C-249BE64AAA4E}.Debug2019|Any CPU.ActiveCfg = Debug2019|Any CPU
		{799D0160-8C0D-43F5-AB4C-249BE64AAA4E}.Debug2019|Any CPU.Build.0 = Debug2019|Any CPU
		{799D0160-8C0D-43F5-AB4C-249BE64AAA4E}.Release2017|Any CPU.ActiveCfg = Release2017|Any CPU
		{799D0160-8C0D-43F5-AB4C-249BE64AAA4E}.Release2017|Any CPU.Build.0 = Release2017|Any CPU
		{799D0160-8C0D-43F5-AB4C-249BE64AAA4E}.Release2019|Any CPU.ActiveCfg = Release2019|Any CPU
		{799D0160-8C0D-43F5-AB4C-249BE64AAA4E}.Release2019|Any CPU.Build.0 = Release2019|Any CPU
		{8B6B1019-F3C1-41DD-B8EE-E397A92A9A7D}.Debug2017|Any CPU.ActiveCfg = Debug2017|Any CPU
		{8B6B1019-F3C1-41DD-B8EE-E397A92A9A7D}.Debug2017|Any CPU.Build.0 = Debug2017|Any CPU
		{8B6B1019-F3C1-41DD-B8EE-E397A92A9A7D}.Debug2019|Any CPU.ActiveCfg = Debug2019|Any CPU
		{8B6B1019-F3C1-41DD-B8EE-E397A92A9A7D}.Debug2019|Any CPU.Build.0 = Debug2019|Any CPU
		{8B6B1019-F3C1-41DD-B8EE-E397A92A9A7D}.Release2017|Any CPU.ActiveCfg = Release2017|Any CPU
		{8B6B1019-F3C1-41DD-B8EE-E397A92A9A7D}.Release2017|Any CPU.Build.0 = Release2017|Any CPU
		{8B6B1019-F3C1-41DD-B8EE-E397A92A9A7D}.Release2019|Any CPU.ActiveCfg = Release2019|Any CPU
		{8B6B1019-F3C1-41DD-B8EE-E397A92A9A7D}.Release2019|Any CPU.Build.0 = Release2019|Any CPU
		{5705C75B-5C0E-42E4-8414-FB9CF483DFF7}.Debug2017|Any CPU.ActiveCfg = Debug|Any CPU
		{5705C75B-5C0E-42E4-8414-FB9CF483DFF7}.Debug2017|Any CPU.Build.0 = Debug|Any CPU
		{5705C75B-5C0E-42E4-8414-FB9CF483DFF7}.Debug2019|Any CPU.ActiveCfg = Debug|Any CPU
		{5705C75B-5C0E-42E4-8414-FB9CF483DFF7}.Debug2019|Any CPU.Build.0 = Debug|Any CPU
		{5705C75B-5C0E-42E4-8414-FB9CF483DFF7}.Release2017|Any CPU.ActiveCfg = Release|Any CPU
		{5705C75B-5C0E-42E4-8414-FB9CF483DFF7}.Release2017|Any CPU.Build.0 = Release|Any CPU
		{5705C75B-5C0E-42E4-8414-FB9CF483DFF7}.Release2019|Any CPU.ActiveCfg = Release|Any CPU
		{5705C75B-5C0E-42E4-8414-FB9CF483DFF7}.Release2019|Any CPU.Build.0 = Release|Any CPU
		{03DCCE13-6B53-4E82-A984-295CFE71EAB4}.Debug2017|Any CPU.ActiveCfg = Debug|x64
		{03DCCE13-6B53-4E82-A984-295CFE71EAB4}.Debug2017|Any CPU.Build.0 = Debug|x64
		{03DCCE13-6B53-4E82-A984-295CFE71EAB4}.Debug2019|Any CPU.ActiveCfg = Debug|x64
		{03DCCE13-6B53-4E82-A984-295CFE71EAB4}.Debug2019|Any CPU.Build.0 = Debug|x64
		{03DCCE13-6B53-4E82-A984-295CFE71EAB4}.Release2017|Any CPU.ActiveCfg = Release|x64
		{03DCCE13-6B53-4E82-A984-295CFE71EAB4}.Release2017|Any CPU.Build.0 = Release|x64
		{03DCCE13-6B53-4E82-A984-295CFE71EAB4}.Release2019|Any CPU.ActiveCfg = Release|x64
		{03DCCE13-6B53-4E82-A984-295CFE71EAB4}.Release2019|Any CPU.Build.0 = Release|x64
		{AB183C33-BC8F-4CB3-B957-DEC5CF7D9BCE}.Debug2017|Any CPU.ActiveCfg = Debug2017|Any CPU
		{AB183C33-BC8F-4CB3-B957-DEC5CF7D9BCE}.Debug2017|Any CPU.Build.0 = Debug2017|Any CPU
		{AB183C33-BC8F-4CB3-B957-DEC5CF7D9BCE}.Debug2019|Any CPU.ActiveCfg = Debug2019|Any CPU
		{AB183C33-BC8F-4CB3-B957-DEC5CF7D9BCE}.Debug2019|Any CPU.Build.0 = Debug2019|Any CPU
		{AB183C33-BC8F-4CB3-B957-DEC5CF7D9BCE}.Release2017|Any CPU.ActiveCfg = Release2017|Any CPU
		{AB183C33-BC8F-4CB3-B957-DEC5CF7D9BCE}.Release2017|Any CPU.Build.0 = Release2017|Any CPU
		{AB183C33-BC8F-4CB3-B957-DEC5CF7D9BCE}.Release2019|Any CPU.ActiveCfg = Release2019|Any CPU
		{AB183C33-BC8F-4CB3-B957-DEC5CF7D9BCE}.Release2019|Any CPU.Build.0 = Release2019|Any CPU
	EndGlobalSection
	GlobalSection(SolutionProperties) = preSolution
		HideSolutionNode = FALSE
	EndGlobalSection
	GlobalSection(NestedProjects) = preSolution
		{AC9DA952-3ED1-4CC6-9200-3847204B92FD} = {2CC655B7-DE39-4241-AF3A-B2FBB62A4974}
		{5B4E613A-028D-4E08-8716-8A6BCD4906A9} = {FE6ADAAB-998A-4245-9AF4-B9F255B6456E}
		{6E6A1F1D-FF94-40C6-8DB5-6466EEFFBA85} = {FE6ADAAB-998A-4245-9AF4-B9F255B6456E}
		{15E392E6-4715-4066-AA47-099A1DD0DBCF} = {FE6ADAAB-998A-4245-9AF4-B9F255B6456E}
		{90F6A34D-3D0C-4451-A40F-82101538FA73} = {FE6ADAAB-998A-4245-9AF4-B9F255B6456E}
		{B6ED103F-A2BF-426C-B324-916E91B2A534} = {FE6ADAAB-998A-4245-9AF4-B9F255B6456E}
		{25F90C90-14BF-4FD3-A799-79CA31E8872C} = {FE6ADAAB-998A-4245-9AF4-B9F255B6456E}
		{115F721A-D99E-457B-932C-869A646B083D} = {FE6ADAAB-998A-4245-9AF4-B9F255B6456E}
		{00F2E1DC-D497-4B47-8638-09F71CAA8077} = {FE6ADAAB-998A-4245-9AF4-B9F255B6456E}
		{5A2DB8DA-5FE1-4EA0-97EE-9C9A77F800DB} = {FE6ADAAB-998A-4245-9AF4-B9F255B6456E}
		{26AAF846-325F-4AF8-8F06-DA5FB523D9D8} = {FE6ADAAB-998A-4245-9AF4-B9F255B6456E}
		{D216EA10-527A-491A-A694-74F2A58AC940} = {FE6ADAAB-998A-4245-9AF4-B9F255B6456E}
		{64FA5BE5-A8D3-4F3E-A6D7-D2D220BA4BF0} = {FE6ADAAB-998A-4245-9AF4-B9F255B6456E}
		{06FF5FB1-1E94-48BE-B49F-39016B480BD2} = {FE6ADAAB-998A-4245-9AF4-B9F255B6456E}
		{CD0F139C-3D25-4232-8167-ADD9E28BFA41} = {FE6ADAAB-998A-4245-9AF4-B9F255B6456E}
		{A2C9F9D7-A499-4E17-BDAB-4EF18F1D9A18} = {FE6ADAAB-998A-4245-9AF4-B9F255B6456E}
		{D985DED6-1AFD-4A62-B383-D2AF3DAA04D7} = {FE6ADAAB-998A-4245-9AF4-B9F255B6456E}
		{138AD833-91AA-41B4-9350-E2FF5262AEFA} = {FE6ADAAB-998A-4245-9AF4-B9F255B6456E}
		{C63619F0-95D1-4720-9BCA-23DDDDB5DADA} = {FE6ADAAB-998A-4245-9AF4-B9F255B6456E}
		{9BAC7359-4A9F-41D4-918C-2A75066CC0D4} = {FE6ADAAB-998A-4245-9AF4-B9F255B6456E}
		{799D0160-8C0D-43F5-AB4C-249BE64AAA4E} = {FE6ADAAB-998A-4245-9AF4-B9F255B6456E}
		{8B6B1019-F3C1-41DD-B8EE-E397A92A9A7D} = {FE6ADAAB-998A-4245-9AF4-B9F255B6456E}
		{5705C75B-5C0E-42E4-8414-FB9CF483DFF7} = {FE6ADAAB-998A-4245-9AF4-B9F255B6456E}
		{03DCCE13-6B53-4E82-A984-295CFE71EAB4} = {FE6ADAAB-998A-4245-9AF4-B9F255B6456E}
		{AB183C33-BC8F-4CB3-B957-DEC5CF7D9BCE} = {2CC655B7-DE39-4241-AF3A-B2FBB62A4974}
	EndGlobalSection
	GlobalSection(ExtensibilityGlobals) = postSolution
		SolutionGuid = {D823DBBE-F9D0-44CC-B29C-59873E214DC7}
	EndGlobalSection
EndGlobal
